
Microsoft Visual Studio Solution File, Format Version 12.00
# Visual Studio 15
VisualStudioVersion = 15.0.28307.902
MinimumVisualStudioVersion = 10.0.40219.1
Project("{00D1A9C2-B5F0-4AF3-8072-F6C62B433612}") = "Database1", "Database1\Database1.sqlproj", "{874E783B-939B-49D1-840C-C31489FDFD6A}"
EndProject
Global
	GlobalSection(SolutionConfigurationPlatforms) = preSolution
		Debug|Any CPU = Debug|Any CPU
		Release|Any CPU = Release|Any CPU
	EndGlobalSection
	GlobalSection(ProjectConfigurationPlatforms) = postSolution
		{874E783B-939B-49D1-840C-C31489FDFD6A}.Debug|Any CPU.ActiveCfg = Debug|Any CPU
		{874E783B-939B-49D1-840C-C31489FDFD6A}.Debug|Any CPU.Build.0 = Debug|Any CPU
		{874E783B-939B-49D1-840C-C31489FDFD6A}.Debug|Any CPU.Deploy.0 = Debug|Any CPU
		{874E783B-939B-49D1-840C-C31489FDFD6A}.Release|Any CPU.ActiveCfg = Release|Any CPU
		{874E783B-939B-49D1-840C-C31489FDFD6A}.Release|Any CPU.Build.0 = Release|Any CPU
		{874E783B-939B-49D1-840C-C31489FDFD6A}.Release|Any CPU.Deploy.0 = Release|Any CPU
	EndGlobalSection
	GlobalSection(SolutionProperties) = preSolution
		HideSolutionNode = FALSE
	EndGlobalSection
	GlobalSection(ExtensibilityGlobals) = postSolution
		SolutionGuid = {003180E1-B8CD-44D3-812D-51794EC2BAF6}
	EndGlobalSection
EndGlobal
